
Microsoft Visual Studio Solution File, Format Version 12.00
Project("{FAE04EC0-301F-11D3-BF4B-00C04F79EFBC}") = "DotnetCore.DependecyResolvers", "DotnetCore.DependecyResolvers.csproj", "{EA4E5E2A-0E1E-49A6-BEDC-6F227E536891}"
EndProject
Global
	GlobalSection(SolutionConfigurationPlatforms) = preSolution
		Debug|Any CPU = Debug|Any CPU
		Release|Any CPU = Release|Any CPU
	EndGlobalSection
	GlobalSection(ProjectConfigurationPlatforms) = postSolution
		{EA4E5E2A-0E1E-49A6-BEDC-6F227E536891}.Debug|Any CPU.ActiveCfg = Debug|Any CPU
		{EA4E5E2A-0E1E-49A6-BEDC-6F227E536891}.Debug|Any CPU.Build.0 = Debug|Any CPU
		{EA4E5E2A-0E1E-49A6-BEDC-6F227E536891}.Release|Any CPU.ActiveCfg = Release|Any CPU
		{EA4E5E2A-0E1E-49A6-BEDC-6F227E536891}.Release|Any CPU.Build.0 = Release|Any CPU
	EndGlobalSection
EndGlobal
